
Microsoft Visual Studio Solution File, Format Version 12.00
# Visual Studio Version 16
VisualStudioVersion = 16.0.31019.35
MinimumVisualStudioVersion = 10.0.40219.1
Project("{FAE04EC0-301F-11D3-BF4B-00C04F79EFBC}") = "2-Rendering Tiers", "2-Rendering Tiers\2-Rendering Tiers.csproj", "{DE7149EB-2A7D-4B9E-86FA-F50F9C12E46E}"
EndProject
Project("{FAE04EC0-301F-11D3-BF4B-00C04F79EFBC}") = "9-Style", "9-Style\9-Style.csproj", "{4D44F9B6-661E-4B5E-BE2F-6BE324BCA5FF}"
EndProject
Global
	GlobalSection(SolutionConfigurationPlatforms) = preSolution
		Debug|Any CPU = Debug|Any CPU
		Release|Any CPU = Release|Any CPU
	EndGlobalSection
	GlobalSection(ProjectConfigurationPlatforms) = postSolution
		{DE7149EB-2A7D-4B9E-86FA-F50F9C12E46E}.Debug|Any CPU.ActiveCfg = Debug|Any CPU
		{DE7149EB-2A7D-4B9E-86FA-F50F9C12E46E}.Debug|Any CPU.Build.0 = Debug|Any CPU
		{DE7149EB-2A7D-4B9E-86FA-F50F9C12E46E}.Release|Any CPU.ActiveCfg = Release|Any CPU
		{DE7149EB-2A7D-4B9E-86FA-F50F9C12E46E}.Release|Any CPU.Build.0 = Release|Any CPU
		{4D44F9B6-661E-4B5E-BE2F-6BE324BCA5FF}.Debug|Any CPU.ActiveCfg = Debug|Any CPU
		{4D44F9B6-661E-4B5E-BE2F-6BE324BCA5FF}.Debug|Any CPU.Build.0 = Debug|Any CPU
		{4D44F9B6-661E-4B5E-BE2F-6BE324BCA5FF}.Release|Any CPU.ActiveCfg = Release|Any CPU
		{4D44F9B6-661E-4B5E-BE2F-6BE324BCA5FF}.Release|Any CPU.Build.0 = Release|Any CPU
	EndGlobalSection
	GlobalSection(SolutionProperties) = preSolution
		HideSolutionNode = FALSE
	EndGlobalSection
	GlobalSection(ExtensibilityGlobals) = postSolution
		SolutionGuid = {4945315D-29F6-44AF-AB91-22110CBC9307}
	EndGlobalSection
EndGlobal
