
Microsoft Visual Studio Solution File, Format Version 12.00
# Visual Studio Version 16
VisualStudioVersion = 16.0.31019.35
MinimumVisualStudioVersion = 10.0.40219.1
Project("{FAE04EC0-301F-11D3-BF4B-00C04F79EFBC}") = "Basics", "Basics\Basics.csproj", "{6CCA24E9-FAB3-4B0D-93F6-A34721AE6116}"
EndProject
Global
	GlobalSection(SolutionConfigurationPlatforms) = preSolution
		Debug|Any CPU = Debug|Any CPU
		Release|Any CPU = Release|Any CPU
	EndGlobalSection
	GlobalSection(ProjectConfigurationPlatforms) = postSolution
		{6CCA24E9-FAB3-4B0D-93F6-A34721AE6116}.Debug|Any CPU.ActiveCfg = Debug|Any CPU
		{6CCA24E9-FAB3-4B0D-93F6-A34721AE6116}.Debug|Any CPU.Build.0 = Debug|Any CPU
		{6CCA24E9-FAB3-4B0D-93F6-A34721AE6116}.Release|Any CPU.ActiveCfg = Release|Any CPU
		{6CCA24E9-FAB3-4B0D-93F6-A34721AE6116}.Release|Any CPU.Build.0 = Release|Any CPU
	EndGlobalSection
	GlobalSection(SolutionProperties) = preSolution
		HideSolutionNode = FALSE
	EndGlobalSection
	GlobalSection(ExtensibilityGlobals) = postSolution
		SolutionGuid = {4945315D-29F6-44AF-AB91-22110CBC9307}
	EndGlobalSection
EndGlobal
